
Microsoft Visual Studio Solution File, Format Version 12.00
# Visual Studio 15
VisualStudioVersion = 15.0.28307.168
MinimumVisualStudioVersion = 10.0.40219.1
Project("{8BC9CEB8-8B4A-11D0-8D11-00A0C91BC942}") = "CollisionPointConvexHull2D", "CollisionPointConvexHull2D.vcxproj", "{BB0ADD54-DB02-4A31-B856-23486B988570}"
EndProject
Global
	GlobalSection(SolutionConfigurationPlatforms) = preSolution
		Debug|x86 = Debug|x86
		Release|x86 = Release|x86
	EndGlobalSection
	GlobalSection(ProjectConfigurationPlatforms) = postSolution
		{BB0ADD54-DB02-4A31-B856-23486B988570}.Debug|x64.ActiveCfg = Debug|x64
		{BB0ADD54-DB02-4A31-B856-23486B988570}.Debug|x64.Build.0 = Debug|x64
		{BB0ADD54-DB02-4A31-B856-23486B988570}.Debug|x86.ActiveCfg = Debug|Win32
		{BB0ADD54-DB02-4A31-B856-23486B988570}.Debug|x86.Build.0 = Debug|Win32
		{BB0ADD54-DB02-4A31-B856-23486B988570}.Release|x64.ActiveCfg = Release|x64
		{BB0ADD54-DB02-4A31-B856-23486B988570}.Release|x64.Build.0 = Release|x64
		{BB0ADD54-DB02-4A31-B856-23486B988570}.Release|x86.ActiveCfg = Release|Win32
		{BB0ADD54-DB02-4A31-B856-23486B988570}.Release|x86.Build.0 = Release|Win32
	EndGlobalSection
	GlobalSection(SolutionProperties) = preSolution
		HideSolutionNode = FALSE
	EndGlobalSection
	GlobalSection(ExtensibilityGlobals) = postSolution
		SolutionGuid = {47DDE0DD-508B-4705-A2D2-F960209F31F3}
	EndGlobalSection
EndGlobal
